git.sr.ht/~poldi1405/go-ansi v1.2.0 h1:VY+MGQ3K7wEXRva1oKEK6Kh4AoY2CApfANvljDLkBK4=
git.sr.ht/~poldi1405/go-ansi v1.2.0/go.mod h1:CUyHf6iVnIVCN0Nv7616s4wxnOF3gFAhFLrsMstyg3Q=
git.sr.ht/~poldi1405/go-ansi v1.3.0 h1:WyNhSZjgJvZ14gs2x3UixT2iGoxB764wGq/9Sno7V3E=
git.sr.ht/~poldi1405/go-ansi v1.3.0/go.mod h1:CUyHf6iVnIVCN0Nv7616s4wxnOF3gFAhFLrsMstyg3Q=
